{
  "name": "skel-ts",
  "version": "1.0.0",
  "lockfileVersion": 2,
  "requires": true,
  "packages": {
    "": {
      "name": "skel-ts",
      "version": "1.0.0",
      "license": "ISC",
      "dependencies": {
        "@eyalsh/docopt": "^1.0.7"
      }
    },
    "node_modules/@eyalsh/docopt": {
      "version": "1.0.7",
      "resolved": "https://registry.npmjs.org/@eyalsh/docopt/-/docopt-1.0.7.tgz",
      "integrity": "sha512-xuNkr0oMNM75NACp6byAVutKiv1Pm7ujqR4A9/bEsX9Sqf/SPIG4gS6y0N1KnKwS5Qs3faPGdh8yJMRzM5CaWQ==",
      "engines": {
        "node": ">=10.3.0"
      }
    }
  },
  "dependencies": {
    "@eyalsh/docopt": {
      "version": "1.0.7",
      "resolved": "https://registry.npmjs.org/@eyalsh/docopt/-/docopt-1.0.7.tgz",
      "integrity": "sha512-xuNkr0oMNM75NACp6byAVutKiv1Pm7ujqR4A9/bEsX9Sqf/SPIG4gS6y0N1KnKwS5Qs3faPGdh8yJMRzM5CaWQ=="
    }
  }
}
